
Microsoft Visual Studio Solution File, Format Version 12.00
# Visual Studio Version 17
VisualStudioVersion = 17.8.34601.278
MinimumVisualStudioVersion = 10.0.40219.1
Project("{9A19103F-16F7-4668-BE54-9A1E7A4F7556}") = "Lession4", "Practice2411\Lession4.csproj", "{972E77BD-1717-43EA-AF19-82E44E750FE0}"
EndProject
Project("{9A19103F-16F7-4668-BE54-9A1E7A4F7556}") = "Lession5", "Lession5\Lession5.csproj", "{D06F8C31-26C2-4724-BEB5-3FE2C7762ECD}"
EndProject
Project("{9A19103F-16F7-4668-BE54-9A1E7A4F7556}") = "Lession6", "Lession6\Lession6.csproj", "{5A955026-4223-4624-9070-84021F801ABC}"
EndProject
Project("{9A19103F-16F7-4668-BE54-9A1E7A4F7556}") = "Lession7", "Lession7\Lession7.csproj", "{D60D15D7-8A17-460C-83DB-1F4BC8913DB9}"
EndProject
Project("{9A19103F-16F7-4668-BE54-9A1E7A4F7556}") = "Lession8", "Lession8\Lession8.csproj", "{692A51AF-0D46-4CD1-98C7-AEAD896B948B}"
EndProject
Project("{9A19103F-16F7-4668-BE54-9A1E7A4F7556}") = "practical_test", "practical_test\practical_test.csproj", "{2E238F21-6004-4BBE-A4FF-C3C7DC4137BB}"
EndProject
Project("{9A19103F-16F7-4668-BE54-9A1E7A4F7556}") = "SimpleApp", "SimpleApp\SimpleApp.csproj", "{50B85E33-54F2-47AD-B6BB-529E43360E4E}"
EndProject
Project("{2150E333-8FDC-42A3-9474-1A3956D46DE8}") = "Lesson9", "Lesson9", "{AE637142-2781-42BA-A174-DA566C8A7109}"
EndProject
Project("{9A19103F-16F7-4668-BE54-9A1E7A4F7556}") = "EXOOP", "Lesson9\EXOOP\EXOOP.csproj", "{68B1EFD4-4DC9-4CBC-B4FC-C1F74981EE7B}"
EndProject
Project("{FAE04EC0-301F-11D3-BF4B-00C04F79EFBC}") = "Lession9", "Lesson9\Lession9\Lession9.csproj", "{CE38CE33-B21E-42B8-A3B0-5DD9E7F470C7}"
EndProject
Global
	GlobalSection(SolutionConfigurationPlatforms) = preSolution
		Debug|Any CPU = Debug|Any CPU
		Release|Any CPU = Release|Any CPU
	EndGlobalSection
	GlobalSection(ProjectConfigurationPlatforms) = postSolution
		{972E77BD-1717-43EA-AF19-82E44E750FE0}.Debug|Any CPU.ActiveCfg = Debug|Any CPU
		{972E77BD-1717-43EA-AF19-82E44E750FE0}.Debug|Any CPU.Build.0 = Debug|Any CPU
		{972E77BD-1717-43EA-AF19-82E44E750FE0}.Release|Any CPU.ActiveCfg = Release|Any CPU
		{972E77BD-1717-43EA-AF19-82E44E750FE0}.Release|Any CPU.Build.0 = Release|Any CPU
		{D06F8C31-26C2-4724-BEB5-3FE2C7762ECD}.Debug|Any CPU.ActiveCfg = Debug|Any CPU
		{D06F8C31-26C2-4724-BEB5-3FE2C7762ECD}.Debug|Any CPU.Build.0 = Debug|Any CPU
		{D06F8C31-26C2-4724-BEB5-3FE2C7762ECD}.Release|Any CPU.ActiveCfg = Release|Any CPU
		{D06F8C31-26C2-4724-BEB5-3FE2C7762ECD}.Release|Any CPU.Build.0 = Release|Any CPU
		{5A955026-4223-4624-9070-84021F801ABC}.Debug|Any CPU.ActiveCfg = Debug|Any CPU
		{5A955026-4223-4624-9070-84021F801ABC}.Debug|Any CPU.Build.0 = Debug|Any CPU
		{5A955026-4223-4624-9070-84021F801ABC}.Release|Any CPU.ActiveCfg = Release|Any CPU
		{5A955026-4223-4624-9070-84021F801ABC}.Release|Any CPU.Build.0 = Release|Any CPU
		{D60D15D7-8A17-460C-83DB-1F4BC8913DB9}.Debug|Any CPU.ActiveCfg = Debug|Any CPU
		{D60D15D7-8A17-460C-83DB-1F4BC8913DB9}.Debug|Any CPU.Build.0 = Debug|Any CPU
		{D60D15D7-8A17-460C-83DB-1F4BC8913DB9}.Release|Any CPU.ActiveCfg = Release|Any CPU
		{D60D15D7-8A17-460C-83DB-1F4BC8913DB9}.Release|Any CPU.Build.0 = Release|Any CPU
		{692A51AF-0D46-4CD1-98C7-AEAD896B948B}.Debug|Any CPU.ActiveCfg = Debug|Any CPU
		{692A51AF-0D46-4CD1-98C7-AEAD896B948B}.Debug|Any CPU.Build.0 = Debug|Any CPU
		{692A51AF-0D46-4CD1-98C7-AEAD896B948B}.Release|Any CPU.ActiveCfg = Release|Any CPU
		{692A51AF-0D46-4CD1-98C7-AEAD896B948B}.Release|Any CPU.Build.0 = Release|Any CPU
		{2E238F21-6004-4BBE-A4FF-C3C7DC4137BB}.Debug|Any CPU.ActiveCfg = Debug|Any CPU
		{2E238F21-6004-4BBE-A4FF-C3C7DC4137BB}.Debug|Any CPU.Build.0 = Debug|Any CPU
		{2E238F21-6004-4BBE-A4FF-C3C7DC4137BB}.Release|Any CPU.ActiveCfg = Release|Any CPU
		{2E238F21-6004-4BBE-A4FF-C3C7DC4137BB}.Release|Any CPU.Build.0 = Release|Any CPU
		{50B85E33-54F2-47AD-B6BB-529E43360E4E}.Debug|Any CPU.ActiveCfg = Debug|Any CPU
		{50B85E33-54F2-47AD-B6BB-529E43360E4E}.Debug|Any CPU.Build.0 = Debug|Any CPU
		{50B85E33-54F2-47AD-B6BB-529E43360E4E}.Release|Any CPU.ActiveCfg = Release|Any CPU
		{50B85E33-54F2-47AD-B6BB-529E43360E4E}.Release|Any CPU.Build.0 = Release|Any CPU
		{68B1EFD4-4DC9-4CBC-B4FC-C1F74981EE7B}.Debug|Any CPU.ActiveCfg = Debug|Any CPU
		{68B1EFD4-4DC9-4CBC-B4FC-C1F74981EE7B}.Debug|Any CPU.Build.0 = Debug|Any CPU
		{68B1EFD4-4DC9-4CBC-B4FC-C1F74981EE7B}.Release|Any CPU.ActiveCfg = Release|Any CPU
		{68B1EFD4-4DC9-4CBC-B4FC-C1F74981EE7B}.Release|Any CPU.Build.0 = Release|Any CPU
		{CE38CE33-B21E-42B8-A3B0-5DD9E7F470C7}.Debug|Any CPU.ActiveCfg = Debug|Any CPU
		{CE38CE33-B21E-42B8-A3B0-5DD9E7F470C7}.Debug|Any CPU.Build.0 = Debug|Any CPU
		{CE38CE33-B21E-42B8-A3B0-5DD9E7F470C7}.Release|Any CPU.ActiveCfg = Release|Any CPU
		{CE38CE33-B21E-42B8-A3B0-5DD9E7F470C7}.Release|Any CPU.Build.0 = Release|Any CPU
	EndGlobalSection
	GlobalSection(SolutionProperties) = preSolution
		HideSolutionNode = FALSE
	EndGlobalSection
	GlobalSection(NestedProjects) = preSolution
		{68B1EFD4-4DC9-4CBC-B4FC-C1F74981EE7B} = {AE637142-2781-42BA-A174-DA566C8A7109}
		{CE38CE33-B21E-42B8-A3B0-5DD9E7F470C7} = {AE637142-2781-42BA-A174-DA566C8A7109}
	EndGlobalSection
	GlobalSection(ExtensibilityGlobals) = postSolution
		SolutionGuid = {80E65E89-0885-4733-9D48-9CD6D63243C9}
	EndGlobalSection
EndGlobal
